
Microsoft Visual Studio Solution File, Format Version 11.00
# Visual Studio 2010
Project("{E24C65DC-7377-472B-9ABA-BC803B73C61A}") = "Multi", "..\Multi\", "{C543EC00-38CB-4C40-9EAF-FADCE41C5CDA}"
	ProjectSection(WebsiteProperties) = preProject
		TargetFrameworkMoniker = ".NETFramework,Version%3Dv3.5"
		Debug.AspNetCompiler.VirtualPath = "/Multi"
		Debug.AspNetCompiler.PhysicalPath = "..\Multi\"
		Debug.AspNetCompiler.TargetPath = "PrecompiledWeb\Multi\"
		Debug.AspNetCompiler.Updateable = "true"
		Debug.AspNetCompiler.ForceOverwrite = "true"
		Debug.AspNetCompiler.FixedNames = "false"
		Debug.AspNetCompiler.Debug = "True"
		Release.AspNetCompiler.VirtualPath = "/Multi"
		Release.AspNetCompiler.PhysicalPath = "..\Multi\"
		Release.AspNetCompiler.TargetPath = "PrecompiledWeb\Multi\"
		Release.AspNetCompiler.Updateable = "true"
		Release.AspNetCompiler.ForceOverwrite = "true"
		Release.AspNetCompiler.FixedNames = "false"
		Release.AspNetCompiler.Debug = "False"
		VWDPort = "50775"
		DefaultWebSiteLanguage = "Visual C#"
	EndProjectSection
EndProject
Global
	GlobalSection(SolutionConfigurationPlatforms) = preSolution
		Debug|Any CPU = Debug|Any CPU
	EndGlobalSection
	GlobalSection(ProjectConfigurationPlatforms) = postSolution
		{C543EC00-38CB-4C40-9EAF-FADCE41C5CDA}.Debug|Any CPU.ActiveCfg = Debug|Any CPU
		{C543EC00-38CB-4C40-9EAF-FADCE41C5CDA}.Debug|Any CPU.Build.0 = Debug|Any CPU
	EndGlobalSection
	GlobalSection(SolutionProperties) = preSolution
		HideSolutionNode = FALSE
	EndGlobalSection
EndGlobal
